
Microsoft Visual Studio Solution File, Format Version 12.00
# Visual Studio Version 17
VisualStudioVersion = 17.5.33627.172
MinimumVisualStudioVersion = 10.0.40219.1
Project("{9A19103F-16F7-4668-BE54-9A1E7A4F7556}") = "LibraryManagement", "LibraryManagement\LibraryManagement.csproj", "{C0D0781B-CEEC-4C2C-BBF2-D6E3B1E7E96F}"
EndProject
Project("{FAE04EC0-301F-11D3-BF4B-00C04F79EFBC}") = "InventoryManagement", "InventoryManagement\InventoryManagement.csproj", "{FAC6B9F5-4171-4FB0-9860-6312D8B17E01}"
EndProject
Global
	GlobalSection(SolutionConfigurationPlatforms) = preSolution
		Debug|Any CPU = Debug|Any CPU
		Release|Any CPU = Release|Any CPU
	EndGlobalSection
	GlobalSection(ProjectConfigurationPlatforms) = postSolution
		{C0D0781B-CEEC-4C2C-BBF2-D6E3B1E7E96F}.Debug|Any CPU.ActiveCfg = Debug|Any CPU
		{C0D0781B-CEEC-4C2C-BBF2-D6E3B1E7E96F}.Debug|Any CPU.Build.0 = Debug|Any CPU
		{C0D0781B-CEEC-4C2C-BBF2-D6E3B1E7E96F}.Release|Any CPU.ActiveCfg = Release|Any CPU
		{C0D0781B-CEEC-4C2C-BBF2-D6E3B1E7E96F}.Release|Any CPU.Build.0 = Release|Any CPU
		{FAC6B9F5-4171-4FB0-9860-6312D8B17E01}.Debug|Any CPU.ActiveCfg = Debug|Any CPU
		{FAC6B9F5-4171-4FB0-9860-6312D8B17E01}.Debug|Any CPU.Build.0 = Debug|Any CPU
		{FAC6B9F5-4171-4FB0-9860-6312D8B17E01}.Release|Any CPU.ActiveCfg = Release|Any CPU
		{FAC6B9F5-4171-4FB0-9860-6312D8B17E01}.Release|Any CPU.Build.0 = Release|Any CPU
	EndGlobalSection
	GlobalSection(SolutionProperties) = preSolution
		HideSolutionNode = FALSE
	EndGlobalSection
	GlobalSection(ExtensibilityGlobals) = postSolution
		SolutionGuid = {2BA0299F-CFCC-4633-9550-627F9014CFCD}
	EndGlobalSection
EndGlobal
